// !$*UTF8*$!
{
	archiveVersion = 1;
	classes = {
	};
	objectVersion = 50;
	objects = {

/* Begin PBXBuildFile section */
		77592FE322D5F3B6000BA059 /* AppDelegate.swift in Sources */ = {isa = PBXBuildFile; fileRef = 77592FE222D5F3B6000BA059 /* AppDelegate.swift */; };
		77592FE522D5F3B6000BA059 /* art.scnassets in Resources */ = {isa = PBXBuildFile; fileRef = 77592FE422D5F3B6000BA059 /* art.scnassets */; };
		77592FE722D5F3B6000BA059 /* GameViewController.swift in Sources */ = {isa = PBXBuildFile; fileRef = 77592FE622D5F3B6000BA059 /* GameViewController.swift */; };
		77592FEA22D5F3B6000BA059 /* Main.storyboard in Resources */ = {isa = PBXBuildFile; fileRef = 77592FE822D5F3B6000BA059 /* Main.storyboard */; };
		77592FEC22D5F3B7000BA059 /* Assets.xcassets in Resources */ = {isa = PBXBuildFile; fileRef = 77592FEB22D5F3B7000BA059 /* Assets.xcassets */; };
		77592FEF22D5F3B7000BA059 /* LaunchScreen.storyboard in Resources */ = {isa = PBXBuildFile; fileRef = 77592FED22D5F3B7000BA059 /* LaunchScreen.storyboard */; };
		77F60D9B22DA958E0094CC21 /* BitMaskCategory.swift in Sources */ = {isa = PBXBuildFile; fileRef = 77F60D9A22DA958E0094CC21 /* BitMaskCategory.swift */; };
/* End PBXBuildFile section */

/* Begin PBXFileReference section */
		77592FDF22D5F3B6000BA059 /* myBasketballARApp.app */ = {isa = PBXFileReference; explicitFileType = wrapper.application; includeInIndex = 0; path = myBasketballARApp.app; sourceTree = BUILT_PRODUCTS_DIR; };
		77592FE222D5F3B6000BA059 /* AppDelegate.swift */ = {isa = PBXFileReference; lastKnownFileType = sourcecode.swift; path = AppDelegate.swift; sourceTree = "<group>"; };
		77592FE422D5F3B6000BA059 /* art.scnassets */ = {isa = PBXFileReference; lastKnownFileType = wrapper.scnassets; path = art.scnassets; sourceTree = "<group>"; };
		77592FE622D5F3B6000BA059 /* GameViewController.swift */ = {isa = PBXFileReference; lastKnownFileType = sourcecode.swift; path = GameViewController.swift; sourceTree = "<group>"; };
		77592FE922D5F3B6000BA059 /* Base */ = {isa = PBXFileReference; lastKnownFileType = file.storyboard; name = Base; path = Base.lproj/Main.storyboard; sourceTree = "<group>"; };
		77592FEB22D5F3B7000BA059 /* Assets.xcassets */ = {isa = PBXFileReference; lastKnownFileType = folder.assetcatalog; path = Assets.xcassets; sourceTree = "<group>"; };
		77592FEE22D5F3B7000BA059 /* Base */ = {isa = PBXFileReference; lastKnownFileType = file.storyboard; name = Base; path = Base.lproj/LaunchScreen.storyboard; sourceTree = "<group>"; };
		77592FF022D5F3B7000BA059 /* Info.plist */ = {isa = PBXFileReference; lastKnownFileType = text.plist.xml; path = Info.plist; sourceTree = "<group>"; };
		77F60D9A22DA958E0094CC21 /* BitMaskCategory.swift */ = {isa = PBXFileReference; lastKnownFileType = sourcecode.swift; path = BitMaskCategory.swift; sourceTree = "<group>"; };
/* End PBXFileReference section */

/* Begin PBXFrameworksBuildPhase section */
		77592FDC22D5F3B6000BA059 /* Frameworks */ = {
			isa = PBXFrameworksBuildPhase;
			buildActionMask = 2147483647;
			files = (
			);
			runOnlyForDeploymentPostprocessing = 0;
		};
/* End PBXFrameworksBuildPhase section */

/* Begin PBXGroup section */
		77592FD622D5F3B6000BA059 = {
			isa = PBXGroup;
			children = (
				77592FE122D5F3B6000BA059 /* myBasketballARApp */,
				77592FE022D5F3B6000BA059 /* Products */,
			);
			sourceTree = "<group>";
		};
		77592FE022D5F3B6000BA059 /* Products */ = {
			isa = PBXGroup;
			children = (
				77592FDF22D5F3B6000BA059 /* myBasketballARApp.app */,
			);
			name = Products;
			sourceTree = "<group>";
		};
		77592FE122D5F3B6000BA059 /* myBasketballARApp */ = {
			isa = PBXGroup;
			children = (
				77592FF622D5F3D4000BA059 /* App */,
				77F60D9C22DA959B0094CC21 /* Model */,
				77CF373C22D5F71800D7B113 /* View */,
				77CF373F22D5F74500D7B113 /* Resourses */,
			);
			path = myBasketballARApp;
			sourceTree = "<group>";
		};
		77592FF622D5F3D4000BA059 /* App */ = {
			isa = PBXGroup;
			children = (
				77592FF022D5F3B7000BA059 /* Info.plist */,
				77592FE222D5F3B6000BA059 /* AppDelegate.swift */,
			);
			path = App;
			sourceTree = "<group>";
		};
		77CF373C22D5F71800D7B113 /* View */ = {
			isa = PBXGroup;
			children = (
				77CF373E22D5F73500D7B113 /* ViewControllers */,
				77CF373D22D5F72300D7B113 /* Storyboards */,
			);
			path = View;
			sourceTree = "<group>";
		};
		77CF373D22D5F72300D7B113 /* Storyboards */ = {
			isa = PBXGroup;
			children = (
				77592FE822D5F3B6000BA059 /* Main.storyboard */,
				77592FED22D5F3B7000BA059 /* LaunchScreen.storyboard */,
			);
			path = Storyboards;
			sourceTree = "<group>";
		};
		77CF373E22D5F73500D7B113 /* ViewControllers */ = {
			isa = PBXGroup;
			children = (
				77592FE622D5F3B6000BA059 /* GameViewController.swift */,
			);
			path = ViewControllers;
			sourceTree = "<group>";
		};
		77CF373F22D5F74500D7B113 /* Resourses */ = {
			isa = PBXGroup;
			children = (
				77592FE422D5F3B6000BA059 /* art.scnassets */,
				77592FEB22D5F3B7000BA059 /* Assets.xcassets */,
			);
			path = Resourses;
			sourceTree = "<group>";
		};
		77F60D9C22DA959B0094CC21 /* Model */ = {
			isa = PBXGroup;
			children = (
				77F60D9A22DA958E0094CC21 /* BitMaskCategory.swift */,
			);
			path = Model;
			sourceTree = "<group>";
		};
/* End PBXGroup section */

/* Begin PBXNativeTarget section */
		77592FDE22D5F3B6000BA059 /* myBasketballARApp */ = {
			isa = PBXNativeTarget;
			buildConfigurationList = 77592FF322D5F3B7000BA059 /* Build configuration list for PBXNativeTarget "myBasketballARApp" */;
			buildPhases = (
				77592FDB22D5F3B6000BA059 /* Sources */,
				77592FDC22D5F3B6000BA059 /* Frameworks */,
				77592FDD22D5F3B6000BA059 /* Resources */,
			);
			buildRules = (
			);
			dependencies = (
			);
			name = myBasketballARApp;
			productName = myBasketballARApp;
			productReference = 77592FDF22D5F3B6000BA059 /* myBasketballARApp.app */;
			productType = "com.apple.product-type.application";
		};
/* End PBXNativeTarget section */

/* Begin PBXProject section */
		77592FD722D5F3B6000BA059 /* Project object */ = {
			isa = PBXProject;
			attributes = {
				LastSwiftUpdateCheck = 1100;
				LastUpgradeCheck = 1100;
				ORGANIZATIONNAME = SwiftViktor;
				TargetAttributes = {
					77592FDE22D5F3B6000BA059 = {
						CreatedOnToolsVersion = 11.0;
					};
				};
			};
			buildConfigurationList = 77592FDA22D5F3B6000BA059 /* Build configuration list for PBXProject "myBasketballARApp" */;
			compatibilityVersion = "Xcode 9.3";
			developmentRegion = en;
			hasScannedForEncodings = 0;
			knownRegions = (
				en,
				Base,
			);
			mainGroup = 77592FD622D5F3B6000BA059;
			productRefGroup = 77592FE022D5F3B6000BA059 /* Products */;
			projectDirPath = "";
			projectRoot = "";
			targets = (
				77592FDE22D5F3B6000BA059 /* myBasketballARApp */,
			);
		};
/* End PBXProject section */

/* Begin PBXResourcesBuildPhase section */
		77592FDD22D5F3B6000BA059 /* Resources */ = {
			isa = PBXResourcesBuildPhase;
			buildActionMask = 2147483647;
			files = (
				77592FE522D5F3B6000BA059 /* art.scnassets in Resources */,
				77592FEF22D5F3B7000BA059 /* LaunchScreen.storyboard in Resources */,
				77592FEC22D5F3B7000BA059 /* Assets.xcassets in Resources */,
				77592FEA22D5F3B6000BA059 /* Main.storyboard in Resources */,
			);
			runOnlyForDeploymentPostprocessing = 0;
		};
/* End PBXResourcesBuildPhase section */

/* Begin PBXSourcesBuildPhase section */
		77592FDB22D5F3B6000BA059 /* Sources */ = {
			isa = PBXSourcesBuildPhase;
			buildActionMask = 2147483647;
			files = (
				77592FE722D5F3B6000BA059 /* GameViewController.swift in Sources */,
				77F60D9B22DA958E0094CC21 /* BitMaskCategory.swift in Sources */,
				77592FE322D5F3B6000BA059 /* AppDelegate.swift in Sources */,
			);
			runOnlyForDeploymentPostprocessing = 0;
		};
/* End PBXSourcesBuildPhase section */

/* Begin PBXVariantGroup section */
		77592FE822D5F3B6000BA059 /* Main.storyboard */ = {
			isa = PBXVariantGroup;
			children = (
				77592FE922D5F3B6000BA059 /* Base */,
			);
			name = Main.storyboard;
			sourceTree = "<group>";
		};
		77592FED22D5F3B7000BA059 /* LaunchScreen.storyboard */ = {
			isa = PBXVariantGroup;
			children = (
				77592FEE22D5F3B7000BA059 /* Base */,
			);
			name = LaunchScreen.storyboard;
			sourceTree = "<group>";
		};
/* End PBXVariantGroup section */

/* Begin XCBuildConfiguration section */
		77592FF122D5F3B7000BA059 /* Debug */ = {
			isa = XCBuildConfiguration;
			buildSettings = {
				ALWAYS_SEARCH_USER_PATHS = NO;
				CLANG_ANALYZER_NONNULL = YES;
				CLANG_ANALYZER_NUMBER_OBJECT_CONVERSION = YES_AGGRESSIVE;
				CLANG_CXX_LANGUAGE_STANDARD = "gnu++14";
				CLANG_CXX_LIBRARY = "libc++";
				CLANG_ENABLE_MODULES = YES;
				CLANG_ENABLE_OBJC_ARC = YES;
				CLANG_ENABLE_OBJC_WEAK = YES;
				CLANG_WARN_BLOCK_CAPTURE_AUTORELEASING = YES;
				CLANG_WARN_BOOL_CONVERSION = YES;
				CLANG_WARN_COMMA = YES;
				CLANG_WARN_CONSTANT_CONVERSION = YES;
				CLANG_WARN_DEPRECATED_OBJC_IMPLEMENTATIONS = YES;
				CLANG_WARN_DIRECT_OBJC_ISA_USAGE = YES_ERROR;
				CLANG_WARN_DOCUMENTATION_COMMENTS = YES;
				CLANG_WARN_EMPTY_BODY = YES;
				CLANG_WARN_ENUM_CONVERSION = YES;
				CLANG_WARN_INFINITE_RECURSION = YES;
				CLANG_WARN_INT_CONVERSION = YES;
				CLANG_WARN_NON_LITERAL_NULL_CONVERSION = YES;
				CLANG_WARN_OBJC_IMPLICIT_RETAIN_SELF = YES;
				CLANG_WARN_OBJC_LITERAL_CONVERSION = YES;
				CLANG_WARN_OBJC_ROOT_CLASS = YES_ERROR;
				CLANG_WARN_RANGE_LOOP_ANALYSIS = YES;
				CLANG_WARN_STRICT_PROTOTYPES = YES;
				CLANG_WARN_SUSPICIOUS_MOVE = YES;
				CLANG_WARN_UNGUARDED_AVAILABILITY = YES_AGGRESSIVE;
				CLANG_WARN_UNREACHABLE_CODE = YES;
				CLANG_WARN__DUPLICATE_METHOD_MATCH = YES;
				COPY_PHASE_STRIP = NO;
				DEBUG_INFORMATION_FORMAT = dwarf;
				ENABLE_STRICT_OBJC_MSGSEND = YES;
				ENABLE_TESTABILITY = YES;
				GCC_C_LANGUAGE_STANDARD = gnu11;
				GCC_DYNAMIC_NO_PIC = NO;
				GCC_NO_COMMON_BLOCKS = YES;
				GCC_OPTIMIZATION_LEVEL = 0;
				GCC_PREPROCESSOR_DEFINITIONS = (
					"DEBUG=1",
					"$(inherited)",
				);
				GCC_WARN_64_TO_32_BIT_CONVERSION = YES;
				GCC_WARN_ABOUT_RETURN_TYPE = YES_ERROR;
				GCC_WARN_UNDECLARED_SELECTOR = YES;
				GCC_WARN_UNINITIALIZED_AUTOS = YES_AGGRESSIVE;
				GCC_WARN_UNUSED_FUNCTION = YES;
				GCC_WARN_UNUSED_VARIABLE = YES;
				IPHONEOS_DEPLOYMENT_TARGET = 12.0;
				MTL_ENABLE_DEBUG_INFO = INCLUDE_SOURCE;
				MTL_FAST_MATH = YES;
				ONLY_ACTIVE_ARCH = YES;
				SDKROOT = iphoneos;
				SWIFT_ACTIVE_COMPILATION_CONDITIONS = DEBUG;
				SWIFT_OPTIMIZATION_LEVEL = "-Onone";
			};
			name = Debug;
		};
		77592FF222D5F3B7000BA059 /* Release */ = {
			isa = XCBuildConfiguration;
			buildSettings = {
				ALWAYS_SEARCH_USER_PATHS = NO;
				CLANG_ANALYZER_NONNULL = YES;
				CLANG_ANALYZER_NUMBER_OBJECT_CONVERSION = YES_AGGRESSIVE;
				CLANG_CXX_LANGUAGE_STANDARD = "gnu++14";
				CLANG_CXX_LIBRARY = "libc++";
				CLANG_ENABLE_MODULES = YES;
				CLANG_ENABLE_OBJC_ARC = YES;
				CLANG_ENABLE_OBJC_WEAK = YES;
				CLANG_WARN_BLOCK_CAPTURE_AUTORELEASING = YES;
				CLANG_WARN_BOOL_CONVERSION = YES;
				CLANG_WARN_COMMA = YES;
				CLANG_WARN_CONSTANT_CONVERSION = YES;
				CLANG_WARN_DEPRECATED_OBJC_IMPLEMENTATIONS = YES;
				CLANG_WARN_DIRECT_OBJC_ISA_USAGE = YES_ERROR;
				CLANG_WARN_DOCUMENTATION_COMMENTS = YES;
				CLANG_WARN_EMPTY_BODY = YES;
				CLANG_WARN_ENUM_CONVERSION = YES;
				CLANG_WARN_INFINITE_RECURSION = YES;
				CLANG_WARN_INT_CONVERSION = YES;
				CLANG_WARN_NON_LITERAL_NULL_CONVERSION = YES;
				CLANG_WARN_OBJC_IMPLICIT_RETAIN_SELF = YES;
				CLANG_WARN_OBJC_LITERAL_CONVERSION = YES;
				CLANG_WARN_OBJC_ROOT_CLASS = YES_ERROR;
				CLANG_WARN_RANGE_LOOP_ANALYSIS = YES;
				CLANG_WARN_STRICT_PROTOTYPES = YES;
				CLANG_WARN_SUSPICIOUS_MOVE = YES;
				CLANG_WARN_UNGUARDED_AVAILABILITY = YES_AGGRESSIVE;
				CLANG_WARN_UNREACHABLE_CODE = YES;
				CLANG_WARN__DUPLICATE_METHOD_MATCH = YES;
				COPY_PHASE_STRIP = NO;
				DEBUG_INFORMATION_FORMAT = "dwarf-with-dsym";
				ENABLE_NS_ASSERTIONS = NO;
				ENABLE_STRICT_OBJC_MSGSEND = YES;
				GCC_C_LANGUAGE_STANDARD = gnu11;
				GCC_NO_COMMON_BLOCKS = YES;
				GCC_WARN_64_TO_32_BIT_CONVERSION = YES;
				GCC_WARN_ABOUT_RETURN_TYPE = YES_ERROR;
				GCC_WARN_UNDECLARED_SELECTOR = YES;
				GCC_WARN_UNINITIALIZED_AUTOS = YES_AGGRESSIVE;
				GCC_WARN_UNUSED_FUNCTION = YES;
				GCC_WARN_UNUSED_VARIABLE = YES;
				IPHONEOS_DEPLOYMENT_TARGET = 12.0;
				MTL_ENABLE_DEBUG_INFO = NO;
				MTL_FAST_MATH = YES;
				SDKROOT = iphoneos;
				SWIFT_COMPILATION_MODE = wholemodule;
				SWIFT_OPTIMIZATION_LEVEL = "-O";
				VALIDATE_PRODUCT = YES;
			};
			name = Release;
		};
		77592FF422D5F3B7000BA059 /* Debug */ = {
			isa = XCBuildConfiguration;
			buildSettings = {
				ASSETCATALOG_COMPILER_APPICON_NAME = AppIcon;
				CODE_SIGN_STYLE = Automatic;
				DEVELOPMENT_TEAM = PFT2629W4Z;
				INFOPLIST_FILE = "$(SRCROOT)/myBasketballARApp/App/Info.plist";
				LD_RUNPATH_SEARCH_PATHS = (
					"$(inherited)",
					"@executable_path/Frameworks",
				);
				PRODUCT_BUNDLE_IDENTIFIER = SwiftViktor.myBasketballARApp;
				PRODUCT_NAME = "$(TARGET_NAME)";
				SWIFT_VERSION = 5.0;
				TARGETED_DEVICE_FAMILY = 1;
			};
			name = Debug;
		};
		77592FF522D5F3B7000BA059 /* Release */ = {
			isa = XCBuildConfiguration;
			buildSettings = {
				ASSETCATALOG_COMPILER_APPICON_NAME = AppIcon;
				CODE_SIGN_STYLE = Automatic;
				DEVELOPMENT_TEAM = PFT2629W4Z;
				INFOPLIST_FILE = "$(SRCROOT)/myBasketballARApp/App/Info.plist";
				LD_RUNPATH_SEARCH_PATHS = (
					"$(inherited)",
					"@executable_path/Frameworks",
				);
				PRODUCT_BUNDLE_IDENTIFIER = SwiftViktor.myBasketballARApp;
				PRODUCT_NAME = "$(TARGET_NAME)";
				SWIFT_VERSION = 5.0;
				TARGETED_DEVICE_FAMILY = 1;
			};
			name = Release;
		};
/* End XCBuildConfiguration section */

/* Begin XCConfigurationList section */
		77592FDA22D5F3B6000BA059 /* Build configuration list for PBXProject "myBasketballARApp" */ = {
			isa = XCConfigurationList;
			buildConfigurations = (
				77592FF122D5F3B7000BA059 /* Debug */,
				77592FF222D5F3B7000BA059 /* Release */,
			);
			defaultConfigurationIsVisible = 0;
			defaultConfigurationName = Release;
		};
		77592FF322D5F3B7000BA059 /* Build configuration list for PBXNativeTarget "myBasketballARApp" */ = {
			isa = XCConfigurationList;
			buildConfigurations = (
				77592FF422D5F3B7000BA059 /* Debug */,
				77592FF522D5F3B7000BA059 /* Release */,
			);
			defaultConfigurationIsVisible = 0;
			defaultConfigurationName = Release;
		};
/* End XCConfigurationList section */
	};
	rootObject = 77592FD722D5F3B6000BA059 /* Project object */;
}
